
Microsoft Visual Studio Solution File, Format Version 12.00
# Visual Studio 2017
Project("{FAE04EC0-301F-11D3-BF4B-00C04F79EFBC}") = "AgeOfSailRTS", "AgeOfSailRTS.csproj", "{EB291F75-2775-0EC7-8377-C8BA60FF25A3}"
EndProject
Project("{FAE04EC0-301F-11D3-BF4B-00C04F79EFBC}") = "AgeOfSailRTS.Plugins", "AgeOfSailRTS.Plugins.csproj", "{DB75D339-9E72-F70D-3847-95AF377F3A07}"
EndProject
Global
	GlobalSection(SolutionConfigurationPlatforms) = preSolution
		Debug|Any CPU = Debug|Any CPU
		Release|Any CPU = Release|Any CPU
	EndGlobalSection
	GlobalSection(ProjectConfigurationPlatforms) = postSolution
		{EB291F75-2775-0EC7-8377-C8BA60FF25A3}.Debug|Any CPU.ActiveCfg = Debug|Any CPU
		{EB291F75-2775-0EC7-8377-C8BA60FF25A3}.Debug|Any CPU.Build.0 = Debug|Any CPU
		{EB291F75-2775-0EC7-8377-C8BA60FF25A3}.Release|Any CPU.ActiveCfg = Release|Any CPU
		{EB291F75-2775-0EC7-8377-C8BA60FF25A3}.Release|Any CPU.Build.0 = Release|Any CPU
		{DB75D339-9E72-F70D-3847-95AF377F3A07}.Debug|Any CPU.ActiveCfg = Debug|Any CPU
		{DB75D339-9E72-F70D-3847-95AF377F3A07}.Debug|Any CPU.Build.0 = Debug|Any CPU
		{DB75D339-9E72-F70D-3847-95AF377F3A07}.Release|Any CPU.ActiveCfg = Release|Any CPU
		{DB75D339-9E72-F70D-3847-95AF377F3A07}.Release|Any CPU.Build.0 = Release|Any CPU
	EndGlobalSection
	GlobalSection(SolutionProperties) = preSolution
		HideSolutionNode = FALSE
	EndGlobalSection
EndGlobal
